
# cargo-vet imports lock

[[publisher.cranelift-assembler-x64]]
version = "0.134.2"
when = "2026-07-21"
trusted-publisher = "github:bytecodealliance/wasmtime"

[[publisher.cranelift-assembler-x64-meta]]
version = "0.134.2"
when = "2026-07-21"
trusted-publisher = "github:bytecodealliance/wasmtime"

[[publisher.cranelift-bforest]]
version = "0.134.2"
when = "2026-07-21"
trusted-publisher = "github:bytecodealliance/wasmtime"

[[publisher.cranelift-bitset]]
version = "0.134.2"
when = "2026-07-21"
trusted-publisher = "github:bytecodealliance/wasmtime"

[[publisher.cranelift-codegen]]
version = "0.134.2"
when = "2026-07-21"
trusted-publisher = "github:bytecodealliance/wasmtime"

[[publisher.cranelift-codegen-meta]]
version = "0.134.2"
when = "2026-07-21"
trusted-publisher = "github:bytecodealliance/wasmtime"

[[publisher.cranelift-codegen-shared]]
version = "0.134.2"
when = "2026-07-21"
trusted-publisher = "github:bytecodealliance/wasmtime"

[[publisher.cranelift-control]]
version = "0.134.2"
when = "2026-07-21"
trusted-publisher = "github:bytecodealliance/wasmtime"

[[publisher.cranelift-entity]]
version = "0.134.2"
when = "2026-07-21"
trusted-publisher = "github:bytecodealliance/wasmtime"

[[publisher.cranelift-frontend]]
version = "0.134.2"
when = "2026-07-21"
trusted-publisher = "github:bytecodealliance/wasmtime"

[[publisher.cranelift-isle]]
version = "0.134.2"
when = "2026-07-21"
trusted-publisher = "github:bytecodealliance/wasmtime"

[[publisher.cranelift-native]]
version = "0.134.2"
when = "2026-07-21"
trusted-publisher = "github:bytecodealliance/wasmtime"

[[publisher.cranelift-srcgen]]
version = "0.134.2"
when = "2026-07-21"
trusted-publisher = "github:bytecodealliance/wasmtime"

[[publisher.hashbrown]]
version = "0.15.5"
when = "2025-08-07"
user-id = 55123
user-login = "rust-lang-owner"

[[publisher.hashbrown]]
version = "0.16.1"
when = "2025-11-20"
user-id = 55123
user-login = "rust-lang-owner"

[[publisher.hashbrown]]
version = "0.17.1"
when = "2026-05-09"
user-id = 55123
user-login = "rust-lang-owner"

[[publisher.libc]]
version = "0.2.189"
when = "2026-07-21"
user-id = 55123
user-login = "rust-lang-owner"

[[publisher.pulley-interpreter]]
version = "47.0.2"
when = "2026-07-21"
trusted-publisher = "github:bytecodealliance/wasmtime"

[[publisher.pulley-macros]]
version = "47.0.2"
when = "2026-07-21"
trusted-publisher = "github:bytecodealliance/wasmtime"

[[publisher.rustc-demangle]]
version = "0.1.28"
when = "2026-07-08"
user-id = 55123
user-login = "rust-lang-owner"

[[publisher.wasm-encoder]]
version = "0.252.0"
when = "2026-06-12"
trusted-publisher = "github:bytecodealliance/wasm-tools"

[[publisher.wasmparser]]
version = "0.252.0"
when = "2026-06-12"
trusted-publisher = "github:bytecodealliance/wasm-tools"

[[publisher.wasmprinter]]
version = "0.252.0"
when = "2026-06-12"
trusted-publisher = "github:bytecodealliance/wasm-tools"

[[publisher.wasmtime]]
version = "47.0.2"
when = "2026-07-21"
trusted-publisher = "github:bytecodealliance/wasmtime"

[[publisher.wasmtime-environ]]
version = "47.0.2"
when = "2026-07-21"
trusted-publisher = "github:bytecodealliance/wasmtime"

[[publisher.wasmtime-internal-component-util]]
version = "47.0.2"
when = "2026-07-21"
trusted-publisher = "github:bytecodealliance/wasmtime"

[[publisher.wasmtime-internal-core]]
version = "47.0.2"
when = "2026-07-21"
trusted-publisher = "github:bytecodealliance/wasmtime"

[[publisher.wasmtime-internal-cranelift]]
version = "47.0.2"
when = "2026-07-21"
trusted-publisher = "github:bytecodealliance/wasmtime"

[[publisher.wasmtime-internal-fiber]]
version = "47.0.2"
when = "2026-07-21"
trusted-publisher = "github:bytecodealliance/wasmtime"

[[publisher.wasmtime-internal-jit-debug]]
version = "47.0.2"
when = "2026-07-21"
trusted-publisher = "github:bytecodealliance/wasmtime"

[[publisher.wasmtime-internal-jit-icache-coherence]]
version = "47.0.2"
when = "2026-07-21"
trusted-publisher = "github:bytecodealliance/wasmtime"

[[publisher.wasmtime-internal-unwinder]]
version = "47.0.2"
when = "2026-07-21"
trusted-publisher = "github:bytecodealliance/wasmtime"

[[publisher.wasmtime-internal-versioned-export-macros]]
version = "47.0.2"
when = "2026-07-21"
trusted-publisher = "github:bytecodealliance/wasmtime"

[[publisher.windows]]
version = "0.62.2"
when = "2025-10-06"
user-id = 64539
user-login = "kennykerr"
user-name = "Kenny Kerr"

[[publisher.windows-collections]]
version = "0.3.2"
when = "2025-10-06"
user-id = 64539
user-login = "kennykerr"
user-name = "Kenny Kerr"

[[publisher.windows-core]]
version = "0.62.2"
when = "2025-10-06"
user-id = 64539
user-login = "kennykerr"
user-name = "Kenny Kerr"

[[publisher.windows-future]]
version = "0.3.2"
when = "2025-10-06"
user-id = 64539
user-login = "kennykerr"
user-name = "Kenny Kerr"

[[publisher.windows-implement]]
version = "0.60.2"
when = "2025-10-06"
user-id = 64539
user-login = "kennykerr"
user-name = "Kenny Kerr"

[[publisher.windows-interface]]
version = "0.59.3"
when = "2025-10-06"
user-id = 64539
user-login = "kennykerr"
user-name = "Kenny Kerr"

[[publisher.windows-link]]
version = "0.2.1"
when = "2025-10-06"
user-id = 64539
user-login = "kennykerr"
user-name = "Kenny Kerr"

[[publisher.windows-numerics]]
version = "0.3.1"
when = "2025-10-06"
user-id = 64539
user-login = "kennykerr"
user-name = "Kenny Kerr"

[[publisher.windows-registry]]
version = "0.6.1"
when = "2025-10-06"
user-id = 64539
user-login = "kennykerr"
user-name = "Kenny Kerr"

[[publisher.windows-result]]
version = "0.4.1"
when = "2025-10-06"
user-id = 64539
user-login = "kennykerr"
user-name = "Kenny Kerr"

[[publisher.windows-strings]]
version = "0.5.1"
when = "2025-10-06"
user-id = 64539
user-login = "kennykerr"
user-name = "Kenny Kerr"

[[publisher.windows-sys]]
version = "0.52.0"
when = "2023-11-15"
user-id = 64539
user-login = "kennykerr"
user-name = "Kenny Kerr"

[[publisher.windows-sys]]
version = "0.61.2"
when = "2025-10-06"
user-id = 64539
user-login = "kennykerr"
user-name = "Kenny Kerr"

[[publisher.windows-targets]]
version = "0.52.6"
when = "2024-07-03"
user-id = 64539
user-login = "kennykerr"
user-name = "Kenny Kerr"

[[publisher.windows-threading]]
version = "0.2.1"
when = "2025-10-06"
user-id = 64539
user-login = "kennykerr"
user-name = "Kenny Kerr"

[[publisher.windows_aarch64_gnullvm]]
version = "0.52.6"
when = "2024-07-03"
user-id = 64539
user-login = "kennykerr"
user-name = "Kenny Kerr"

[[publisher.windows_aarch64_msvc]]
version = "0.52.6"
when = "2024-07-03"
user-id = 64539
user-login = "kennykerr"
user-name = "Kenny Kerr"

[[publisher.windows_i686_gnu]]
version = "0.52.6"
when = "2024-07-03"
user-id = 64539
user-login = "kennykerr"
user-name = "Kenny Kerr"

[[publisher.windows_i686_gnullvm]]
version = "0.52.6"
when = "2024-07-03"
user-id = 64539
user-login = "kennykerr"
user-name = "Kenny Kerr"

[[publisher.windows_i686_msvc]]
version = "0.52.6"
when = "2024-07-03"
user-id = 64539
user-login = "kennykerr"
user-name = "Kenny Kerr"

[[publisher.windows_x86_64_gnu]]
version = "0.52.6"
when = "2024-07-03"
user-id = 64539
user-login = "kennykerr"
user-name = "Kenny Kerr"

[[publisher.windows_x86_64_gnullvm]]
version = "0.52.6"
when = "2024-07-03"
user-id = 64539
user-login = "kennykerr"
user-name = "Kenny Kerr"

[[publisher.windows_x86_64_msvc]]
version = "0.52.6"
when = "2024-07-03"
user-id = 64539
user-login = "kennykerr"
user-name = "Kenny Kerr"
